// !$*UTF8*$!
{
	archiveVersion = 1;
	classes = {
	};
	objectVersion = 56;
	objects = {

/* Begin PBXBuildFile section */
		41074C852CBE8EFB00FA28AC /* LoginRequest.swift in Sources */ = {isa = PBXBuildFile; fileRef = 41074C842CBE8EFB00FA28AC /* LoginRequest.swift */; };
		41074C882CBE8F8400FA28AC /* LoginViewModel.swift in Sources */ = {isa = PBXBuildFile; fileRef = 41074C872CBE8F8400FA28AC /* LoginViewModel.swift */; };
		41074C8A2CBED50F00FA28AC /* NotificationChannelSection.swift in Sources */ = {isa = PBXBuildFile; fileRef = 41074C892CBED50F00FA28AC /* NotificationChannelSection.swift */; };
		4107BE5D2CB43C260073EC4B /* testFile.swift in Sources */ = {isa = PBXBuildFile; fileRef = 4107BE5C2CB43C260073EC4B /* testFile.swift */; };
		410A52252CD3A66C00DE375B /* StudentViewModel.swift in Sources */ = {isa = PBXBuildFile; fileRef = 410A52242CD3A66C00DE375B /* StudentViewModel.swift */; };
		410AFBEF2CDBF11900501834 /* EditStudentAtStudentDataSection.swift in Sources */ = {isa = PBXBuildFile; fileRef = 410AFBEE2CDBF11900501834 /* EditStudentAtStudentDataSection.swift */; };
		4110976A2CB5427C0004C9E4 /* registerPage1.swift in Sources */ = {isa = PBXBuildFile; fileRef = 411097692CB5427C0004C9E4 /* registerPage1.swift */; };
		4114B10C2CE4E12400C6D9E2 /* LogicHistoryAttendanceUpdateState.swift in Sources */ = {isa = PBXBuildFile; fileRef = 4114B10B2CE4E12400C6D9E2 /* LogicHistoryAttendanceUpdateState.swift */; };
		411CA47E2CBBF33A0094A94B /* socialMediaSection.swift in Sources */ = {isa = PBXBuildFile; fileRef = 411CA47D2CBBF33A0094A94B /* socialMediaSection.swift */; };
		4124DC612CDD4C4A0083E5F9 /* AttendaceStatusViewModel.swift in Sources */ = {isa = PBXBuildFile; fileRef = 4124DC602CDD4C4A0083E5F9 /* AttendaceStatusViewModel.swift */; };
		4124DC632CDD61B70083E5F9 /* DisplayAttendanceData.swift in Sources */ = {isa = PBXBuildFile; fileRef = 4124DC622CDD61B70083E5F9 /* DisplayAttendanceData.swift */; };
		412A81962CBFF50200188321 /* StudentDataSection.swift in Sources */ = {isa = PBXBuildFile; fileRef = 412A81952CBFF50200188321 /* StudentDataSection.swift */; };
		412D80C32D04772800382D8A /* ModelRegisterPage1.swift in Sources */ = {isa = PBXBuildFile; fileRef = 412D80C22D04772800382D8A /* ModelRegisterPage1.swift */; };
		41325AA72CA9B83D00664847 /* LoginPageWelcom.swift in Sources */ = {isa = PBXBuildFile; fileRef = 41325AA62CA9B83D00664847 /* LoginPageWelcom.swift */; };
		413E4B8F2CA1C78200B1EEC5 /* nafidhalbasayraApp.swift in Sources */ = {isa = PBXBuildFile; fileRef = 413E4B8E2CA1C78200B1EEC5 /* nafidhalbasayraApp.swift */; };
		413E4B912CA1C78200B1EEC5 /* TeacherCoreDataViewModel.swift in Sources */ = {isa = PBXBuildFile; fileRef = 413E4B902CA1C78200B1EEC5 /* TeacherCoreDataViewModel.swift */; };
		413E4B932CA1C78400B1EEC5 /* Assets.xcassets in Resources */ = {isa = PBXBuildFile; fileRef = 413E4B922CA1C78400B1EEC5 /* Assets.xcassets */; };
		413E4B962CA1C78400B1EEC5 /* Preview Assets.xcassets in Resources */ = {isa = PBXBuildFile; fileRef = 413E4B952CA1C78400B1EEC5 /* Preview Assets.xcassets */; };
		413E4BA32CA1C83100B1EEC5 /* SplashScreenView.swift in Sources */ = {isa = PBXBuildFile; fileRef = 413E4BA22CA1C83100B1EEC5 /* SplashScreenView.swift */; };
		41414E2B2CB1B31A0070C380 /* testNavigationStackPop.swift in Sources */ = {isa = PBXBuildFile; fileRef = 41414E2A2CB1B31A0070C380 /* testNavigationStackPop.swift */; };
		414AFBDC2CC148AC00D89B70 /* AddStudentToStudentDataSection.swift in Sources */ = {isa = PBXBuildFile; fileRef = 414AFBDB2CC148AC00D89B70 /* AddStudentToStudentDataSection.swift */; };
		414AFBDE2CC16D3A00D89B70 /* SubComponent.swift in Sources */ = {isa = PBXBuildFile; fileRef = 414AFBDD2CC16D3A00D89B70 /* SubComponent.swift */; };
		416D8BE92CA4482500E2E6D8 /* const.swift in Sources */ = {isa = PBXBuildFile; fileRef = 416D8BE82CA4482500E2E6D8 /* const.swift */; };
		416F71422D1AF64D009FF9EE /* TeacherDataFromApiViewModel.swift in Sources */ = {isa = PBXBuildFile; fileRef = 416F71412D1AF64D009FF9EE /* TeacherDataFromApiViewModel.swift */; };
		416FD1FF2D1856F700ED7DF8 /* MainParentView.swift in Sources */ = {isa = PBXBuildFile; fileRef = 416FD1FE2D1856F700ED7DF8 /* MainParentView.swift */; };
		418238FE2D457AE8001F82EA /* StudentUploader.swift in Sources */ = {isa = PBXBuildFile; fileRef = 418238FD2D457AE8001F82EA /* StudentUploader.swift */; };
		418865712CBD296400E9097C /* sendAttendanceSection.swift in Sources */ = {isa = PBXBuildFile; fileRef = 418865702CBD296400E9097C /* sendAttendanceSection.swift */; };
		4188DE292CD1425100B65478 /* SettingSection.swift in Sources */ = {isa = PBXBuildFile; fileRef = 4188DE282CD1425100B65478 /* SettingSection.swift */; };
		418E94B92CB7FDD000ACFEEA /* registerPageAccept.swift in Sources */ = {isa = PBXBuildFile; fileRef = 418E94B82CB7FDD000ACFEEA /* registerPageAccept.swift */; };
		418E94BB2CB80C5800ACFEEA /* registerPageDecline.swift in Sources */ = {isa = PBXBuildFile; fileRef = 418E94BA2CB80C5800ACFEEA /* registerPageDecline.swift */; };
		418E94BE2CB82D3100ACFEEA /* MainViewPage.swift in Sources */ = {isa = PBXBuildFile; fileRef = 418E94BD2CB82D3100ACFEEA /* MainViewPage.swift */; };
		418E94C02CB8445700ACFEEA /* HadeethSection.swift in Sources */ = {isa = PBXBuildFile; fileRef = 418E94BF2CB8445700ACFEEA /* HadeethSection.swift */; };
		419ACE5B2CC816C4000D4433 /* TeacherDataTempViewModel.swift in Sources */ = {isa = PBXBuildFile; fileRef = 419ACE5A2CC816C4000D4433 /* TeacherDataTempViewModel.swift */; };
		41A552592CC5310A008D913D /* StudyPlanSection.swift in Sources */ = {isa = PBXBuildFile; fileRef = 41A552582CC5310A008D913D /* StudyPlanSection.swift */; };
		41B8A8262CC67CB1002F614C /* CoreData.xcdatamodeld in Sources */ = {isa = PBXBuildFile; fileRef = 41B8A8242CC67CB1002F614C /* CoreData.xcdatamodeld */; };
		41BD62C82CA2E69400529765 /* RegisterInfoPage.swift in Sources */ = {isa = PBXBuildFile; fileRef = 41BD62C72CA2E69400529765 /* RegisterInfoPage.swift */; };
		41BD62D22CA3018800529765 /* BahijTheSansArabic-Bold.ttf in Resources */ = {isa = PBXBuildFile; fileRef = 41BD62CE2CA2FF4100529765 /* BahijTheSansArabic-Bold.ttf */; };
		41BD62D32CA3018A00529765 /* BahijTheSansArabic-ExtraBold.ttf in Resources */ = {isa = PBXBuildFile; fileRef = 41BD62CD2CA2FF4100529765 /* BahijTheSansArabic-ExtraBold.ttf */; };
		41BD62D42CA3018E00529765 /* BahijTheSansArabic-Plain.ttf in Resources */ = {isa = PBXBuildFile; fileRef = 41BD62CC2CA2FF4100529765 /* BahijTheSansArabic-Plain.ttf */; };
		41BD62D72CA3079400529765 /* Almarai-Bold.ttf in Resources */ = {isa = PBXBuildFile; fileRef = 41BD62D02CA3018000529765 /* Almarai-Bold.ttf */; };
		41BD62DC2CA3092800529765 /* Amiri-Regular.ttf in Resources */ = {isa = PBXBuildFile; fileRef = 41BD62D82CA3092800529765 /* Amiri-Regular.ttf */; };
		41BD62DD2CA3092800529765 /* Amiri-Bold.ttf in Resources */ = {isa = PBXBuildFile; fileRef = 41BD62D92CA3092800529765 /* Amiri-Bold.ttf */; };
		41BD62DE2CA3092800529765 /* Amiri-Italic.ttf in Resources */ = {isa = PBXBuildFile; fileRef = 41BD62DA2CA3092800529765 /* Amiri-Italic.ttf */; };
		41BD62DF2CA3092800529765 /* Amiri-BoldItalic.ttf in Resources */ = {isa = PBXBuildFile; fileRef = 41BD62DB2CA3092800529765 /* Amiri-BoldItalic.ttf */; };
		41CD8CE12CF75D360095A82D /* displayTeacherInfo.swift in Sources */ = {isa = PBXBuildFile; fileRef = 41CD8CE02CF75D360095A82D /* displayTeacherInfo.swift */; };
		41D1DC502CB6A010004EB23D /* registerPage2.swift in Sources */ = {isa = PBXBuildFile; fileRef = 41D1DC4F2CB6A00F004EB23D /* registerPage2.swift */; };
		41D1DC522CB6EDF7004EB23D /* registerPageWaitProcess.swift in Sources */ = {isa = PBXBuildFile; fileRef = 41D1DC512CB6EDF7004EB23D /* registerPageWaitProcess.swift */; };
		41D818272D149153007B8581 /* LoginStatusView.swift in Sources */ = {isa = PBXBuildFile; fileRef = 41D818262D149153007B8581 /* LoginStatusView.swift */; };
		41DA9E6B2D05DB9E0014F05E /* ProvinceSpecificGet.swift in Sources */ = {isa = PBXBuildFile; fileRef = 41DA9E6A2D05DB9E0014F05E /* ProvinceSpecificGet.swift */; };
		41DC01D42CAEBBC500C77696 /* SizesUI.swift in Sources */ = {isa = PBXBuildFile; fileRef = 41DC01D32CAEBBC500C77696 /* SizesUI.swift */; };
		41E19E792CAD714100CA2256 /* PreviousNextBotton.swift in Sources */ = {isa = PBXBuildFile; fileRef = 41E19E782CAD714100CA2256 /* PreviousNextBotton.swift */; };
		41E9C6D22CC3C85000FE122F /* Colors.swift in Sources */ = {isa = PBXBuildFile; fileRef = 41E9C6D12CC3C85000FE122F /* Colors.swift */; };
		41E9C6D42CC3CC0600FE122F /* UserManual.swift in Sources */ = {isa = PBXBuildFile; fileRef = 41E9C6D32CC3CC0600FE122F /* UserManual.swift */; };
		41E9C6D62CC41A0100FE122F /* HistoryAttendanceSection.swift in Sources */ = {isa = PBXBuildFile; fileRef = 41E9C6D52CC41A0100FE122F /* HistoryAttendanceSection.swift */; };
		41EE60A62D429D120044D777 /* test.swift in Sources */ = {isa = PBXBuildFile; fileRef = 41EE60A52D429D110044D777 /* test.swift */; };
		41F1DE6E2D19BE95008CDAE5 /* AttendanceUploader.swift in Sources */ = {isa = PBXBuildFile; fileRef = 41F1DE6D2D19BE95008CDAE5 /* AttendanceUploader.swift */; };
		41F34EF82CF89CA20096C9F9 /* SyncTeacherDataPostApi.swift in Sources */ = {isa = PBXBuildFile; fileRef = 41F34EF72CF89CA20096C9F9 /* SyncTeacherDataPostApi.swift */; };
		41F9D0B62CAAE4C600BD7853 /* registerPage.swift in Sources */ = {isa = PBXBuildFile; fileRef = 41F9D0B52CAAE4C500BD7853 /* registerPage.swift */; };
		41F9D0B92CAB03BB00BD7853 /* LogoIUserInfo.swift in Sources */ = {isa = PBXBuildFile; fileRef = 41F9D0B82CAB03BB00BD7853 /* LogoIUserInfo.swift */; };
		41F9D0BB2CAB0A5800BD7853 /* CustemTextWithField.swift in Sources */ = {isa = PBXBuildFile; fileRef = 41F9D0BA2CAB0A5800BD7853 /* CustemTextWithField.swift */; };
		41FC8A412CFDD681001C6E49 /* cityGet.swift in Sources */ = {isa = PBXBuildFile; fileRef = 41FC8A402CFDD681001C6E49 /* cityGet.swift */; };
		526790C22CA93EC8006A9A89 /* AdaptiveTextFieldView.swift in Sources */ = {isa = PBXBuildFile; fileRef = 526790C12CA93EC8006A9A89 /* AdaptiveTextFieldView.swift */; };
/* End PBXBuildFile section */

/* Begin PBXFileReference section */
		41074C842CBE8EFB00FA28AC /* LoginRequest.swift */ = {isa = PBXFileReference; lastKnownFileType = sourcecode.swift; path = LoginRequest.swift; sourceTree = "<group>"; };
		41074C872CBE8F8400FA28AC /* LoginViewModel.swift */ = {isa = PBXFileReference; lastKnownFileType = sourcecode.swift; path = LoginViewModel.swift; sourceTree = "<group>"; };
		41074C892CBED50F00FA28AC /* NotificationChannelSection.swift */ = {isa = PBXFileReference; lastKnownFileType = sourcecode.swift; path = NotificationChannelSection.swift; sourceTree = "<group>"; };
		4107BE5C2CB43C260073EC4B /* testFile.swift */ = {isa = PBXFileReference; lastKnownFileType = sourcecode.swift; path = testFile.swift; sourceTree = "<group>"; };
		410A52242CD3A66C00DE375B /* StudentViewModel.swift */ = {isa = PBXFileReference; lastKnownFileType = sourcecode.swift; path = StudentViewModel.swift; sourceTree = "<group>"; };
		410AFBEE2CDBF11900501834 /* EditStudentAtStudentDataSection.swift */ = {isa = PBXFileReference; lastKnownFileType = sourcecode.swift; path = EditStudentAtStudentDataSection.swift; sourceTree = "<group>"; };
		411097692CB5427C0004C9E4 /* registerPage1.swift */ = {isa = PBXFileReference; lastKnownFileType = sourcecode.swift; path = registerPage1.swift; sourceTree = "<group>"; };
		4114B10B2CE4E12400C6D9E2 /* LogicHistoryAttendanceUpdateState.swift */ = {isa = PBXFileReference; lastKnownFileType = sourcecode.swift; path = LogicHistoryAttendanceUpdateState.swift; sourceTree = "<group>"; };
		411CA47D2CBBF33A0094A94B /* socialMediaSection.swift */ = {isa = PBXFileReference; lastKnownFileType = sourcecode.swift; path = socialMediaSection.swift; sourceTree = "<group>"; };
		4124DC602CDD4C4A0083E5F9 /* AttendaceStatusViewModel.swift */ = {isa = PBXFileReference; lastKnownFileType = sourcecode.swift; path = AttendaceStatusViewModel.swift; sourceTree = "<group>"; };
		4124DC622CDD61B70083E5F9 /* DisplayAttendanceData.swift */ = {isa = PBXFileReference; lastKnownFileType = sourcecode.swift; path = DisplayAttendanceData.swift; sourceTree = "<group>"; };
		412A81952CBFF50200188321 /* StudentDataSection.swift */ = {isa = PBXFileReference; lastKnownFileType = sourcecode.swift; path = StudentDataSection.swift; sourceTree = "<group>"; };
		412D80C22D04772800382D8A /* ModelRegisterPage1.swift */ = {isa = PBXFileReference; lastKnownFileType = sourcecode.swift; path = ModelRegisterPage1.swift; sourceTree = "<group>"; };
		41325AA62CA9B83D00664847 /* LoginPageWelcom.swift */ = {isa = PBXFileReference; lastKnownFileType = sourcecode.swift; path = LoginPageWelcom.swift; sourceTree = "<group>"; };
		413E4B8B2CA1C78200B1EEC5 /* nafidhalbasayra.app */ = {isa = PBXFileReference; explicitFileType = wrapper.application; includeInIndex = 0; path = nafidhalbasayra.app; sourceTree = BUILT_PRODUCTS_DIR; };
		413E4B8E2CA1C78200B1EEC5 /* nafidhalbasayraApp.swift */ = {isa = PBXFileReference; lastKnownFileType = sourcecode.swift; path = nafidhalbasayraApp.swift; sourceTree = "<group>"; };
		413E4B902CA1C78200B1EEC5 /* TeacherCoreDataViewModel.swift */ = {isa = PBXFileReference; lastKnownFileType = sourcecode.swift; path = TeacherCoreDataViewModel.swift; sourceTree = "<group>"; };
		413E4B922CA1C78400B1EEC5 /* Assets.xcassets */ = {isa = PBXFileReference; lastKnownFileType = folder.assetcatalog; path = Assets.xcassets; sourceTree = "<group>"; };
		413E4B952CA1C78400B1EEC5 /* Preview Assets.xcassets */ = {isa = PBXFileReference; lastKnownFileType = folder.assetcatalog; path = "Preview Assets.xcassets"; sourceTree = "<group>"; };
		413E4BA22CA1C83100B1EEC5 /* SplashScreenView.swift */ = {isa = PBXFileReference; lastKnownFileType = sourcecode.swift; path = SplashScreenView.swift; sourceTree = "<group>"; };
		41414E2A2CB1B31A0070C380 /* testNavigationStackPop.swift */ = {isa = PBXFileReference; lastKnownFileType = sourcecode.swift; path = testNavigationStackPop.swift; sourceTree = "<group>"; };
		414AFBDB2CC148AC00D89B70 /* AddStudentToStudentDataSection.swift */ = {isa = PBXFileReference; lastKnownFileType = sourcecode.swift; path = AddStudentToStudentDataSection.swift; sourceTree = "<group>"; };
		414AFBDD2CC16D3A00D89B70 /* SubComponent.swift */ = {isa = PBXFileReference; lastKnownFileType = sourcecode.swift; path = SubComponent.swift; sourceTree = "<group>"; };
		416D8BE82CA4482500E2E6D8 /* const.swift */ = {isa = PBXFileReference; lastKnownFileType = sourcecode.swift; path = const.swift; sourceTree = "<group>"; };
		416F71412D1AF64D009FF9EE /* TeacherDataFromApiViewModel.swift */ = {isa = PBXFileReference; lastKnownFileType = sourcecode.swift; path = TeacherDataFromApiViewModel.swift; sourceTree = "<group>"; };
		416FD1FE2D1856F700ED7DF8 /* MainParentView.swift */ = {isa = PBXFileReference; lastKnownFileType = sourcecode.swift; path = MainParentView.swift; sourceTree = "<group>"; };
		418238FD2D457AE8001F82EA /* StudentUploader.swift */ = {isa = PBXFileReference; lastKnownFileType = sourcecode.swift; path = StudentUploader.swift; sourceTree = "<group>"; };
		418865702CBD296400E9097C /* sendAttendanceSection.swift */ = {isa = PBXFileReference; lastKnownFileType = sourcecode.swift; path = sendAttendanceSection.swift; sourceTree = "<group>"; };
		4188DE282CD1425100B65478 /* SettingSection.swift */ = {isa = PBXFileReference; lastKnownFileType = sourcecode.swift; path = SettingSection.swift; sourceTree = "<group>"; };
		418E94B82CB7FDD000ACFEEA /* registerPageAccept.swift */ = {isa = PBXFileReference; lastKnownFileType = sourcecode.swift; path = registerPageAccept.swift; sourceTree = "<group>"; };
		418E94BA2CB80C5800ACFEEA /* registerPageDecline.swift */ = {isa = PBXFileReference; lastKnownFileType = sourcecode.swift; path = registerPageDecline.swift; sourceTree = "<group>"; };
		418E94BD2CB82D3100ACFEEA /* MainViewPage.swift */ = {isa = PBXFileReference; lastKnownFileType = sourcecode.swift; path = MainViewPage.swift; sourceTree = "<group>"; };
		418E94BF2CB8445700ACFEEA /* HadeethSection.swift */ = {isa = PBXFileReference; lastKnownFileType = sourcecode.swift; path = HadeethSection.swift; sourceTree = "<group>"; };
		419ACE5A2CC816C4000D4433 /* TeacherDataTempViewModel.swift */ = {isa = PBXFileReference; lastKnownFileType = sourcecode.swift; path = TeacherDataTempViewModel.swift; sourceTree = "<group>"; };
		41A552582CC5310A008D913D /* StudyPlanSection.swift */ = {isa = PBXFileReference; lastKnownFileType = sourcecode.swift; path = StudyPlanSection.swift; sourceTree = "<group>"; };
		41B8A8252CC67CB1002F614C /* TeacherInfo.xcdatamodel */ = {isa = PBXFileReference; lastKnownFileType = wrapper.xcdatamodel; path = TeacherInfo.xcdatamodel; sourceTree = "<group>"; };
		41BD62C72CA2E69400529765 /* RegisterInfoPage.swift */ = {isa = PBXFileReference; lastKnownFileType = sourcecode.swift; path = RegisterInfoPage.swift; sourceTree = "<group>"; };
		41BD62CC2CA2FF4100529765 /* BahijTheSansArabic-Plain.ttf */ = {isa = PBXFileReference; lastKnownFileType = file; path = "BahijTheSansArabic-Plain.ttf"; sourceTree = "<group>"; };
		41BD62CD2CA2FF4100529765 /* BahijTheSansArabic-ExtraBold.ttf */ = {isa = PBXFileReference; lastKnownFileType = file; path = "BahijTheSansArabic-ExtraBold.ttf"; sourceTree = "<group>"; };
		41BD62CE2CA2FF4100529765 /* BahijTheSansArabic-Bold.ttf */ = {isa = PBXFileReference; lastKnownFileType = file; path = "BahijTheSansArabic-Bold.ttf"; sourceTree = "<group>"; };
		41BD62D02CA3018000529765 /* Almarai-Bold.ttf */ = {isa = PBXFileReference; lastKnownFileType = file; path = "Almarai-Bold.ttf"; sourceTree = "<group>"; };
		41BD62D82CA3092800529765 /* Amiri-Regular.ttf */ = {isa = PBXFileReference; lastKnownFileType = file; path = "Amiri-Regular.ttf"; sourceTree = "<group>"; };
		41BD62D92CA3092800529765 /* Amiri-Bold.ttf */ = {isa = PBXFileReference; lastKnownFileType = file; path = "Amiri-Bold.ttf"; sourceTree = "<group>"; };
		41BD62DA2CA3092800529765 /* Amiri-Italic.ttf */ = {isa = PBXFileReference; lastKnownFileType = file; path = "Amiri-Italic.ttf"; sourceTree = "<group>"; };
		41BD62DB2CA3092800529765 /* Amiri-BoldItalic.ttf */ = {isa = PBXFileReference; lastKnownFileType = file; path = "Amiri-BoldItalic.ttf"; sourceTree = "<group>"; };
		41CD8CE02CF75D360095A82D /* displayTeacherInfo.swift */ = {isa = PBXFileReference; lastKnownFileType = sourcecode.swift; path = displayTeacherInfo.swift; sourceTree = "<group>"; };
		41D1DC4F2CB6A00F004EB23D /* registerPage2.swift */ = {isa = PBXFileReference; lastKnownFileType = sourcecode.swift; path = registerPage2.swift; sourceTree = "<group>"; };
		41D1DC512CB6EDF7004EB23D /* registerPageWaitProcess.swift */ = {isa = PBXFileReference; lastKnownFileType = sourcecode.swift; path = registerPageWaitProcess.swift; sourceTree = "<group>"; };
		41D818262D149153007B8581 /* LoginStatusView.swift */ = {isa = PBXFileReference; lastKnownFileType = sourcecode.swift; path = LoginStatusView.swift; sourceTree = "<group>"; };
		41DA9E6A2D05DB9E0014F05E /* ProvinceSpecificGet.swift */ = {isa = PBXFileReference; lastKnownFileType = sourcecode.swift; path = ProvinceSpecificGet.swift; sourceTree = "<group>"; };
		41DC01D32CAEBBC500C77696 /* SizesUI.swift */ = {isa = PBXFileReference; lastKnownFileType = sourcecode.swift; path = SizesUI.swift; sourceTree = "<group>"; };
		41E19E782CAD714100CA2256 /* PreviousNextBotton.swift */ = {isa = PBXFileReference; lastKnownFileType = sourcecode.swift; path = PreviousNextBotton.swift; sourceTree = "<group>"; };
		41E9C6D12CC3C85000FE122F /* Colors.swift */ = {isa = PBXFileReference; lastKnownFileType = sourcecode.swift; path = Colors.swift; sourceTree = "<group>"; };
		41E9C6D32CC3CC0600FE122F /* UserManual.swift */ = {isa = PBXFileReference; lastKnownFileType = sourcecode.swift; path = UserManual.swift; sourceTree = "<group>"; };
		41E9C6D52CC41A0100FE122F /* HistoryAttendanceSection.swift */ = {isa = PBXFileReference; lastKnownFileType = sourcecode.swift; path = HistoryAttendanceSection.swift; sourceTree = "<group>"; };
		41EE60A52D429D110044D777 /* test.swift */ = {isa = PBXFileReference; lastKnownFileType = sourcecode.swift; path = test.swift; sourceTree = "<group>"; };
		41F1DE6D2D19BE95008CDAE5 /* AttendanceUploader.swift */ = {isa = PBXFileReference; lastKnownFileType = sourcecode.swift; path = AttendanceUploader.swift; sourceTree = "<group>"; };
		41F34EF72CF89CA20096C9F9 /* SyncTeacherDataPostApi.swift */ = {isa = PBXFileReference; lastKnownFileType = sourcecode.swift; path = SyncTeacherDataPostApi.swift; sourceTree = "<group>"; };
		41F9D0B52CAAE4C500BD7853 /* registerPage.swift */ = {isa = PBXFileReference; lastKnownFileType = sourcecode.swift; path = registerPage.swift; sourceTree = "<group>"; };
		41F9D0B82CAB03BB00BD7853 /* LogoIUserInfo.swift */ = {isa = PBXFileReference; lastKnownFileType = sourcecode.swift; path = LogoIUserInfo.swift; sourceTree = "<group>"; };
		41F9D0BA2CAB0A5800BD7853 /* CustemTextWithField.swift */ = {isa = PBXFileReference; lastKnownFileType = sourcecode.swift; path = CustemTextWithField.swift; sourceTree = "<group>"; };
		41FC8A402CFDD681001C6E49 /* cityGet.swift */ = {isa = PBXFileReference; lastKnownFileType = sourcecode.swift; path = cityGet.swift; sourceTree = "<group>"; };
		526790C12CA93EC8006A9A89 /* AdaptiveTextFieldView.swift */ = {isa = PBXFileReference; lastKnownFileType = sourcecode.swift; path = AdaptiveTextFieldView.swift; sourceTree = "<group>"; };
/* End PBXFileReference section */

/* Begin PBXFrameworksBuildPhase section */
		413E4B882CA1C78200B1EEC5 /* Frameworks */ = {
			isa = PBXFrameworksBuildPhase;
			buildActionMask = 2147483647;
			files = (
			);
			runOnlyForDeploymentPostprocessing = 0;
		};
/* End PBXFrameworksBuildPhase section */

/* Begin PBXGroup section */
		41074C832CBE8ED700FA28AC /* Models */ = {
			isa = PBXGroup;
			children = (
				41074C842CBE8EFB00FA28AC /* LoginRequest.swift */,
				41FC8A402CFDD681001C6E49 /* cityGet.swift */,
				41F1DE6D2D19BE95008CDAE5 /* AttendanceUploader.swift */,
				4114B10B2CE4E12400C6D9E2 /* LogicHistoryAttendanceUpdateState.swift */,
				41F34EF72CF89CA20096C9F9 /* SyncTeacherDataPostApi.swift */,
				412D80C22D04772800382D8A /* ModelRegisterPage1.swift */,
				41DA9E6A2D05DB9E0014F05E /* ProvinceSpecificGet.swift */,
				418238FD2D457AE8001F82EA /* StudentUploader.swift */,
			);
			path = Models;
			sourceTree = "<group>";
		};
		41074C862CBE8F6A00FA28AC /* ViewModels */ = {
			isa = PBXGroup;
			children = (
				4124DC602CDD4C4A0083E5F9 /* AttendaceStatusViewModel.swift */,
				413E4B902CA1C78200B1EEC5 /* TeacherCoreDataViewModel.swift */,
				410A52242CD3A66C00DE375B /* StudentViewModel.swift */,
				41074C872CBE8F8400FA28AC /* LoginViewModel.swift */,
				419ACE5A2CC816C4000D4433 /* TeacherDataTempViewModel.swift */,
				416F71412D1AF64D009FF9EE /* TeacherDataFromApiViewModel.swift */,
				41EE60A52D429D110044D777 /* test.swift */,
			);
			path = ViewModels;
			sourceTree = "<group>";
		};
		413E4B822CA1C78200B1EEC5 = {
			isa = PBXGroup;
			children = (
				413E4B8D2CA1C78200B1EEC5 /* nafidhalbasayra */,
				413E4B8C2CA1C78200B1EEC5 /* Products */,
			);
			sourceTree = "<group>";
		};
		413E4B8C2CA1C78200B1EEC5 /* Products */ = {
			isa = PBXGroup;
			children = (
				413E4B8B2CA1C78200B1EEC5 /* nafidhalbasayra.app */,
			);
			name = Products;
			sourceTree = "<group>";
		};
		413E4B8D2CA1C78200B1EEC5 /* nafidhalbasayra */ = {
			isa = PBXGroup;
			children = (
				41B8A8232CC67B9C002F614C /* CoreData */,
				41E9C6D02CC3C82E00FE122F /* ThemsAndColors */,
				41074C862CBE8F6A00FA28AC /* ViewModels */,
				41074C832CBE8ED700FA28AC /* Models */,
				41BD62CB2CA2FF2D00529765 /* Fonts */,
				413E4B8E2CA1C78200B1EEC5 /* nafidhalbasayraApp.swift */,
				416FD1FE2D1856F700ED7DF8 /* MainParentView.swift */,
				413E4BA12CA1C81300B1EEC5 /* View */,
				413E4B922CA1C78400B1EEC5 /* Assets.xcassets */,
				413E4B942CA1C78400B1EEC5 /* Preview Content */,
				416D8BE82CA4482500E2E6D8 /* const.swift */,
				41DC01D32CAEBBC500C77696 /* SizesUI.swift */,
				41414E2A2CB1B31A0070C380 /* testNavigationStackPop.swift */,
				4107BE5C2CB43C260073EC4B /* testFile.swift */,
			);
			path = nafidhalbasayra;
			sourceTree = "<group>";
		};
		413E4B942CA1C78400B1EEC5 /* Preview Content */ = {
			isa = PBXGroup;
			children = (
				413E4B952CA1C78400B1EEC5 /* Preview Assets.xcassets */,
			);
			path = "Preview Content";
			sourceTree = "<group>";
		};
		413E4BA12CA1C81300B1EEC5 /* View */ = {
			isa = PBXGroup;
			children = (
				41F9D0B72CAB035A00BD7853 /* SubViewComponent */,
				418E94BC2CB82CEE00ACFEEA /* MainViewPage */,
				41BD62C62CA2E4AF00529765 /* LoginFolder */,
				526790C12CA93EC8006A9A89 /* AdaptiveTextFieldView.swift */,
			);
			path = View;
			sourceTree = "<group>";
		};
		418E94BC2CB82CEE00ACFEEA /* MainViewPage */ = {
			isa = PBXGroup;
			children = (
				418E94BD2CB82D3100ACFEEA /* MainViewPage.swift */,
				414AFBDB2CC148AC00D89B70 /* AddStudentToStudentDataSection.swift */,
				410AFBEE2CDBF11900501834 /* EditStudentAtStudentDataSection.swift */,
				418E94BF2CB8445700ACFEEA /* HadeethSection.swift */,
				411CA47D2CBBF33A0094A94B /* socialMediaSection.swift */,
				418865702CBD296400E9097C /* sendAttendanceSection.swift */,
				41074C892CBED50F00FA28AC /* NotificationChannelSection.swift */,
				412A81952CBFF50200188321 /* StudentDataSection.swift */,
				41E9C6D52CC41A0100FE122F /* HistoryAttendanceSection.swift */,
				41A552582CC5310A008D913D /* StudyPlanSection.swift */,
				414AFBDD2CC16D3A00D89B70 /* SubComponent.swift */,
				41E9C6D32CC3CC0600FE122F /* UserManual.swift */,
				4188DE282CD1425100B65478 /* SettingSection.swift */,
				4124DC622CDD61B70083E5F9 /* DisplayAttendanceData.swift */,
				41CD8CE02CF75D360095A82D /* displayTeacherInfo.swift */,
			);
			path = MainViewPage;
			sourceTree = "<group>";
		};
		41B8A8232CC67B9C002F614C /* CoreData */ = {
			isa = PBXGroup;
			children = (
				41B8A8242CC67CB1002F614C /* CoreData.xcdatamodeld */,
			);
			path = CoreData;
			sourceTree = "<group>";
		};
		41BD62C62CA2E4AF00529765 /* LoginFolder */ = {
			isa = PBXGroup;
			children = (
				413E4BA22CA1C83100B1EEC5 /* SplashScreenView.swift */,
				41BD62C72CA2E69400529765 /* RegisterInfoPage.swift */,
				41325AA62CA9B83D00664847 /* LoginPageWelcom.swift */,
				41F9D0B52CAAE4C500BD7853 /* registerPage.swift */,
				411097692CB5427C0004C9E4 /* registerPage1.swift */,
				41D1DC4F2CB6A00F004EB23D /* registerPage2.swift */,
				41D1DC512CB6EDF7004EB23D /* registerPageWaitProcess.swift */,
				418E94B82CB7FDD000ACFEEA /* registerPageAccept.swift */,
				418E94BA2CB80C5800ACFEEA /* registerPageDecline.swift */,
			);
			path = LoginFolder;
			sourceTree = "<group>";
		};
		41BD62CB2CA2FF2D00529765 /* Fonts */ = {
			isa = PBXGroup;
			children = (
				41BD62D92CA3092800529765 /* Amiri-Bold.ttf */,
				41BD62DB2CA3092800529765 /* Amiri-BoldItalic.ttf */,
				41BD62DA2CA3092800529765 /* Amiri-Italic.ttf */,
				41BD62D82CA3092800529765 /* Amiri-Regular.ttf */,
				41BD62D02CA3018000529765 /* Almarai-Bold.ttf */,
				41BD62CE2CA2FF4100529765 /* BahijTheSansArabic-Bold.ttf */,
				41BD62CD2CA2FF4100529765 /* BahijTheSansArabic-ExtraBold.ttf */,
				41BD62CC2CA2FF4100529765 /* BahijTheSansArabic-Plain.ttf */,
			);
			path = Fonts;
			sourceTree = "<group>";
		};
		41E9C6D02CC3C82E00FE122F /* ThemsAndColors */ = {
			isa = PBXGroup;
			children = (
				41E9C6D12CC3C85000FE122F /* Colors.swift */,
			);
			path = ThemsAndColors;
			sourceTree = "<group>";
		};
		41F9D0B72CAB035A00BD7853 /* SubViewComponent */ = {
			isa = PBXGroup;
			children = (
				41D818262D149153007B8581 /* LoginStatusView.swift */,
				41F9D0B82CAB03BB00BD7853 /* LogoIUserInfo.swift */,
				41F9D0BA2CAB0A5800BD7853 /* CustemTextWithField.swift */,
				41E19E782CAD714100CA2256 /* PreviousNextBotton.swift */,
			);
			path = SubViewComponent;
			sourceTree = "<group>";
		};
/* End PBXGroup section */

/* Begin PBXNativeTarget section */
		413E4B8A2CA1C78200B1EEC5 /* nafidhalbasayra */ = {
			isa = PBXNativeTarget;
			buildConfigurationList = 413E4B9E2CA1C78400B1EEC5 /* Build configuration list for PBXNativeTarget "nafidhalbasayra" */;
			buildPhases = (
				413E4B872CA1C78200B1EEC5 /* Sources */,
				413E4B882CA1C78200B1EEC5 /* Frameworks */,
				413E4B892CA1C78200B1EEC5 /* Resources */,
			);
			buildRules = (
			);
			dependencies = (
			);
			name = nafidhalbasayra;
			productName = nafidhalbasayra;
			productReference = 413E4B8B2CA1C78200B1EEC5 /* nafidhalbasayra.app */;
			productType = "com.apple.product-type.application";
		};
/* End PBXNativeTarget section */

/* Begin PBXProject section */
		413E4B832CA1C78200B1EEC5 /* Project object */ = {
			isa = PBXProject;
			attributes = {
				BuildIndependentTargetsInParallel = 1;
				LastSwiftUpdateCheck = 1540;
				LastUpgradeCheck = 1540;
				TargetAttributes = {
					413E4B8A2CA1C78200B1EEC5 = {
						CreatedOnToolsVersion = 15.4;
					};
				};
			};
			buildConfigurationList = 413E4B862CA1C78200B1EEC5 /* Build configuration list for PBXProject "nafidhalbasayra" */;
			compatibilityVersion = "Xcode 14.0";
			developmentRegion = en;
			hasScannedForEncodings = 0;
			knownRegions = (
				en,
				Base,
			);
			mainGroup = 413E4B822CA1C78200B1EEC5;
			productRefGroup = 413E4B8C2CA1C78200B1EEC5 /* Products */;
			projectDirPath = "";
			projectRoot = "";
			targets = (
				413E4B8A2CA1C78200B1EEC5 /* nafidhalbasayra */,
			);
		};
/* End PBXProject section */

/* Begin PBXResourcesBuildPhase section */
		413E4B892CA1C78200B1EEC5 /* Resources */ = {
			isa = PBXResourcesBuildPhase;
			buildActionMask = 2147483647;
			files = (
				413E4B962CA1C78400B1EEC5 /* Preview Assets.xcassets in Resources */,
				41BD62D72CA3079400529765 /* Almarai-Bold.ttf in Resources */,
				41BD62DD2CA3092800529765 /* Amiri-Bold.ttf in Resources */,
				41BD62D32CA3018A00529765 /* BahijTheSansArabic-ExtraBold.ttf in Resources */,
				41BD62D42CA3018E00529765 /* BahijTheSansArabic-Plain.ttf in Resources */,
				41BD62DE2CA3092800529765 /* Amiri-Italic.ttf in Resources */,
				413E4B932CA1C78400B1EEC5 /* Assets.xcassets in Resources */,
				41BD62D22CA3018800529765 /* BahijTheSansArabic-Bold.ttf in Resources */,
				41BD62DF2CA3092800529765 /* Amiri-BoldItalic.ttf in Resources */,
				41BD62DC2CA3092800529765 /* Amiri-Regular.ttf in Resources */,
			);
			runOnlyForDeploymentPostprocessing = 0;
		};
/* End PBXResourcesBuildPhase section */

/* Begin PBXSourcesBuildPhase section */
		413E4B872CA1C78200B1EEC5 /* Sources */ = {
			isa = PBXSourcesBuildPhase;
			buildActionMask = 2147483647;
			files = (
				41D1DC522CB6EDF7004EB23D /* registerPageWaitProcess.swift in Sources */,
				41EE60A62D429D120044D777 /* test.swift in Sources */,
				41074C852CBE8EFB00FA28AC /* LoginRequest.swift in Sources */,
				41414E2B2CB1B31A0070C380 /* testNavigationStackPop.swift in Sources */,
				41CD8CE12CF75D360095A82D /* displayTeacherInfo.swift in Sources */,
				41D818272D149153007B8581 /* LoginStatusView.swift in Sources */,
				41DC01D42CAEBBC500C77696 /* SizesUI.swift in Sources */,
				410AFBEF2CDBF11900501834 /* EditStudentAtStudentDataSection.swift in Sources */,
				526790C22CA93EC8006A9A89 /* AdaptiveTextFieldView.swift in Sources */,
				41BD62C82CA2E69400529765 /* RegisterInfoPage.swift in Sources */,
				418E94C02CB8445700ACFEEA /* HadeethSection.swift in Sources */,
				41D1DC502CB6A010004EB23D /* registerPage2.swift in Sources */,
				41074C882CBE8F8400FA28AC /* LoginViewModel.swift in Sources */,
				41F34EF82CF89CA20096C9F9 /* SyncTeacherDataPostApi.swift in Sources */,
				41325AA72CA9B83D00664847 /* LoginPageWelcom.swift in Sources */,
				416F71422D1AF64D009FF9EE /* TeacherDataFromApiViewModel.swift in Sources */,
				418E94BB2CB80C5800ACFEEA /* registerPageDecline.swift in Sources */,
				419ACE5B2CC816C4000D4433 /* TeacherDataTempViewModel.swift in Sources */,
				418E94BE2CB82D3100ACFEEA /* MainViewPage.swift in Sources */,
				411CA47E2CBBF33A0094A94B /* socialMediaSection.swift in Sources */,
				41E9C6D62CC41A0100FE122F /* HistoryAttendanceSection.swift in Sources */,
				4188DE292CD1425100B65478 /* SettingSection.swift in Sources */,
				4114B10C2CE4E12400C6D9E2 /* LogicHistoryAttendanceUpdateState.swift in Sources */,
				413E4B912CA1C78200B1EEC5 /* TeacherCoreDataViewModel.swift in Sources */,
				41E19E792CAD714100CA2256 /* PreviousNextBotton.swift in Sources */,
				41F9D0B62CAAE4C600BD7853 /* registerPage.swift in Sources */,
				4107BE5D2CB43C260073EC4B /* testFile.swift in Sources */,
				416FD1FF2D1856F700ED7DF8 /* MainParentView.swift in Sources */,
				41A552592CC5310A008D913D /* StudyPlanSection.swift in Sources */,
				41FC8A412CFDD681001C6E49 /* cityGet.swift in Sources */,
				418865712CBD296400E9097C /* sendAttendanceSection.swift in Sources */,
				41F1DE6E2D19BE95008CDAE5 /* AttendanceUploader.swift in Sources */,
				418E94B92CB7FDD000ACFEEA /* registerPageAccept.swift in Sources */,
				41074C8A2CBED50F00FA28AC /* NotificationChannelSection.swift in Sources */,
				414AFBDE2CC16D3A00D89B70 /* SubComponent.swift in Sources */,
				418238FE2D457AE8001F82EA /* StudentUploader.swift in Sources */,
				4110976A2CB5427C0004C9E4 /* registerPage1.swift in Sources */,
				4124DC612CDD4C4A0083E5F9 /* AttendaceStatusViewModel.swift in Sources */,
				41E9C6D42CC3CC0600FE122F /* UserManual.swift in Sources */,
				416D8BE92CA4482500E2E6D8 /* const.swift in Sources */,
				41B8A8262CC67CB1002F614C /* CoreData.xcdatamodeld in Sources */,
				410A52252CD3A66C00DE375B /* StudentViewModel.swift in Sources */,
				41E9C6D22CC3C85000FE122F /* Colors.swift in Sources */,
				41DA9E6B2D05DB9E0014F05E /* ProvinceSpecificGet.swift in Sources */,
				41F9D0B92CAB03BB00BD7853 /* LogoIUserInfo.swift in Sources */,
				412A81962CBFF50200188321 /* StudentDataSection.swift in Sources */,
				413E4BA32CA1C83100B1EEC5 /* SplashScreenView.swift in Sources */,
				41F9D0BB2CAB0A5800BD7853 /* CustemTextWithField.swift in Sources */,
				4124DC632CDD61B70083E5F9 /* DisplayAttendanceData.swift in Sources */,
				413E4B8F2CA1C78200B1EEC5 /* nafidhalbasayraApp.swift in Sources */,
				412D80C32D04772800382D8A /* ModelRegisterPage1.swift in Sources */,
				414AFBDC2CC148AC00D89B70 /* AddStudentToStudentDataSection.swift in Sources */,
			);
			runOnlyForDeploymentPostprocessing = 0;
		};
/* End PBXSourcesBuildPhase section */

/* Begin XCBuildConfiguration section */
		413E4B9C2CA1C78400B1EEC5 /* Debug */ = {
			isa = XCBuildConfiguration;
			buildSettings = {
				ALWAYS_SEARCH_USER_PATHS = NO;
				ASSETCATALOG_COMPILER_GENERATE_SWIFT_ASSET_SYMBOL_EXTENSIONS = YES;
				CLANG_ANALYZER_NONNULL = YES;
				CLANG_ANALYZER_NUMBER_OBJECT_CONVERSION = YES_AGGRESSIVE;
				CLANG_CXX_LANGUAGE_STANDARD = "gnu++20";
				CLANG_ENABLE_MODULES = YES;
				CLANG_ENABLE_OBJC_ARC = YES;
				CLANG_ENABLE_OBJC_WEAK = YES;
				CLANG_WARN_BLOCK_CAPTURE_AUTORELEASING = YES;
				CLANG_WARN_BOOL_CONVERSION = YES;
				CLANG_WARN_COMMA = YES;
				CLANG_WARN_CONSTANT_CONVERSION = YES;
				CLANG_WARN_DEPRECATED_OBJC_IMPLEMENTATIONS = YES;
				CLANG_WARN_DIRECT_OBJC_ISA_USAGE = YES_ERROR;
				CLANG_WARN_DOCUMENTATION_COMMENTS = YES;
				CLANG_WARN_EMPTY_BODY = YES;
				CLANG_WARN_ENUM_CONVERSION = YES;
				CLANG_WARN_INFINITE_RECURSION = YES;
				CLANG_WARN_INT_CONVERSION = YES;
				CLANG_WARN_NON_LITERAL_NULL_CONVERSION = YES;
				CLANG_WARN_OBJC_IMPLICIT_RETAIN_SELF = YES;
				CLANG_WARN_OBJC_LITERAL_CONVERSION = YES;
				CLANG_WARN_OBJC_ROOT_CLASS = YES_ERROR;
				CLANG_WARN_QUOTED_INCLUDE_IN_FRAMEWORK_HEADER = YES;
				CLANG_WARN_RANGE_LOOP_ANALYSIS = YES;
				CLANG_WARN_STRICT_PROTOTYPES = YES;
				CLANG_WARN_SUSPICIOUS_MOVE = YES;
				CLANG_WARN_UNGUARDED_AVAILABILITY = YES_AGGRESSIVE;
				CLANG_WARN_UNREACHABLE_CODE = YES;
				CLANG_WARN__DUPLICATE_METHOD_MATCH = YES;
				COPY_PHASE_STRIP = NO;
				DEBUG_INFORMATION_FORMAT = dwarf;
				ENABLE_STRICT_OBJC_MSGSEND = YES;
				ENABLE_TESTABILITY = YES;
				ENABLE_USER_SCRIPT_SANDBOXING = YES;
				GCC_C_LANGUAGE_STANDARD = gnu17;
				GCC_DYNAMIC_NO_PIC = NO;
				GCC_NO_COMMON_BLOCKS = YES;
				GCC_OPTIMIZATION_LEVEL = 0;
				GCC_PREPROCESSOR_DEFINITIONS = (
					"DEBUG=1",
					"$(inherited)",
				);
				GCC_WARN_64_TO_32_BIT_CONVERSION = YES;
				GCC_WARN_ABOUT_RETURN_TYPE = YES_ERROR;
				GCC_WARN_UNDECLARED_SELECTOR = YES;
				GCC_WARN_UNINITIALIZED_AUTOS = YES_AGGRESSIVE;
				GCC_WARN_UNUSED_FUNCTION = YES;
				GCC_WARN_UNUSED_VARIABLE = YES;
				IPHONEOS_DEPLOYMENT_TARGET = 17.5;
				LOCALIZATION_PREFERS_STRING_CATALOGS = YES;
				MTL_ENABLE_DEBUG_INFO = INCLUDE_SOURCE;
				MTL_FAST_MATH = YES;
				ONLY_ACTIVE_ARCH = YES;
				SDKROOT = iphoneos;
				SWIFT_ACTIVE_COMPILATION_CONDITIONS = "DEBUG $(inherited)";
				SWIFT_OPTIMIZATION_LEVEL = "-Onone";
			};
			name = Debug;
		};
		413E4B9D2CA1C78400B1EEC5 /* Release */ = {
			isa = XCBuildConfiguration;
			buildSettings = {
				ALWAYS_SEARCH_USER_PATHS = NO;
				ASSETCATALOG_COMPILER_GENERATE_SWIFT_ASSET_SYMBOL_EXTENSIONS = YES;
				CLANG_ANALYZER_NONNULL = YES;
				CLANG_ANALYZER_NUMBER_OBJECT_CONVERSION = YES_AGGRESSIVE;
				CLANG_CXX_LANGUAGE_STANDARD = "gnu++20";
				CLANG_ENABLE_MODULES = YES;
				CLANG_ENABLE_OBJC_ARC = YES;
				CLANG_ENABLE_OBJC_WEAK = YES;
				CLANG_WARN_BLOCK_CAPTURE_AUTORELEASING = YES;
				CLANG_WARN_BOOL_CONVERSION = YES;
				CLANG_WARN_COMMA = YES;
				CLANG_WARN_CONSTANT_CONVERSION = YES;
				CLANG_WARN_DEPRECATED_OBJC_IMPLEMENTATIONS = YES;
				CLANG_WARN_DIRECT_OBJC_ISA_USAGE = YES_ERROR;
				CLANG_WARN_DOCUMENTATION_COMMENTS = YES;
				CLANG_WARN_EMPTY_BODY = YES;
				CLANG_WARN_ENUM_CONVERSION = YES;
				CLANG_WARN_INFINITE_RECURSION = YES;
				CLANG_WARN_INT_CONVERSION = YES;
				CLANG_WARN_NON_LITERAL_NULL_CONVERSION = YES;
				CLANG_WARN_OBJC_IMPLICIT_RETAIN_SELF = YES;
				CLANG_WARN_OBJC_LITERAL_CONVERSION = YES;
				CLANG_WARN_OBJC_ROOT_CLASS = YES_ERROR;
				CLANG_WARN_QUOTED_INCLUDE_IN_FRAMEWORK_HEADER = YES;
				CLANG_WARN_RANGE_LOOP_ANALYSIS = YES;
				CLANG_WARN_STRICT_PROTOTYPES = YES;
				CLANG_WARN_SUSPICIOUS_MOVE = YES;
				CLANG_WARN_UNGUARDED_AVAILABILITY = YES_AGGRESSIVE;
				CLANG_WARN_UNREACHABLE_CODE = YES;
				CLANG_WARN__DUPLICATE_METHOD_MATCH = YES;
				COPY_PHASE_STRIP = NO;
				DEBUG_INFORMATION_FORMAT = "dwarf-with-dsym";
				ENABLE_NS_ASSERTIONS = NO;
				ENABLE_STRICT_OBJC_MSGSEND = YES;
				ENABLE_USER_SCRIPT_SANDBOXING = YES;
				GCC_C_LANGUAGE_STANDARD = gnu17;
				GCC_NO_COMMON_BLOCKS = YES;
				GCC_WARN_64_TO_32_BIT_CONVERSION = YES;
				GCC_WARN_ABOUT_RETURN_TYPE = YES_ERROR;
				GCC_WARN_UNDECLARED_SELECTOR = YES;
				GCC_WARN_UNINITIALIZED_AUTOS = YES_AGGRESSIVE;
				GCC_WARN_UNUSED_FUNCTION = YES;
				GCC_WARN_UNUSED_VARIABLE = YES;
				IPHONEOS_DEPLOYMENT_TARGET = 17.5;
				LOCALIZATION_PREFERS_STRING_CATALOGS = YES;
				MTL_ENABLE_DEBUG_INFO = NO;
				MTL_FAST_MATH = YES;
				SDKROOT = iphoneos;
				SWIFT_COMPILATION_MODE = wholemodule;
				VALIDATE_PRODUCT = YES;
			};
			name = Release;
		};
		413E4B9F2CA1C78400B1EEC5 /* Debug */ = {
			isa = XCBuildConfiguration;
			buildSettings = {
				ASSETCATALOG_COMPILER_APPICON_NAME = AppIcon;
				ASSETCATALOG_COMPILER_GLOBAL_ACCENT_COLOR_NAME = AccentColor;
				CODE_SIGN_STYLE = Automatic;
				CURRENT_PROJECT_VERSION = 1;
				DEVELOPMENT_ASSET_PATHS = "\"nafidhalbasayra/Preview Content\"";
				DEVELOPMENT_TEAM = 4MGZ7TP56A;
				ENABLE_PREVIEWS = YES;
				GENERATE_INFOPLIST_FILE = YES;
				INFOPLIST_FILE = nafidhalbasayra/Info.plist;
				INFOPLIST_KEY_NSCameraUsageDescription = "\"التطبيق يحتاج إذن الكاميرا للتصوير\"";
				INFOPLIST_KEY_NSLocationWhenInUseUsageDescription = "\"نحتاج إلى الوصول إلى موقعك لتحسين تجربة استخدام التطبيق وتوفير ميزات قائمة على الموقع.\"";
				INFOPLIST_KEY_UIApplicationSceneManifest_Generation = YES;
				INFOPLIST_KEY_UIApplicationSupportsIndirectInputEvents = YES;
				INFOPLIST_KEY_UISupportedInterfaceOrientations = "UIInterfaceOrientationPortrait UIInterfaceOrientationPortraitUpsideDown";
				IPHONEOS_DEPLOYMENT_TARGET = 16.0;
				LD_RUNPATH_SEARCH_PATHS = (
					"$(inherited)",
					"@executable_path/Frameworks",
				);
				MARKETING_VERSION = 1.0;
				PRODUCT_BUNDLE_IDENTIFIER = com.alkafeelquran.nafidhalbasayra.nafidhalbasayra;
				PRODUCT_NAME = "$(TARGET_NAME)";
				SWIFT_EMIT_LOC_STRINGS = YES;
				SWIFT_VERSION = 5.0;
				TARGETED_DEVICE_FAMILY = "1,2";
			};
			name = Debug;
		};
		413E4BA02CA1C78400B1EEC5 /* Release */ = {
			isa = XCBuildConfiguration;
			buildSettings = {
				ASSETCATALOG_COMPILER_APPICON_NAME = AppIcon;
				ASSETCATALOG_COMPILER_GLOBAL_ACCENT_COLOR_NAME = AccentColor;
				CODE_SIGN_STYLE = Automatic;
				CURRENT_PROJECT_VERSION = 1;
				DEVELOPMENT_ASSET_PATHS = "\"nafidhalbasayra/Preview Content\"";
				DEVELOPMENT_TEAM = 4MGZ7TP56A;
				ENABLE_PREVIEWS = YES;
				GENERATE_INFOPLIST_FILE = YES;
				INFOPLIST_FILE = nafidhalbasayra/Info.plist;
				INFOPLIST_KEY_NSCameraUsageDescription = "\"التطبيق يحتاج إذن الكاميرا للتصوير\"";
				INFOPLIST_KEY_NSLocationWhenInUseUsageDescription = "\"نحتاج إلى الوصول إلى موقعك لتحسين تجربة استخدام التطبيق وتوفير ميزات قائمة على الموقع.\"";
				INFOPLIST_KEY_UIApplicationSceneManifest_Generation = YES;
				INFOPLIST_KEY_UIApplicationSupportsIndirectInputEvents = YES;
				INFOPLIST_KEY_UISupportedInterfaceOrientations = "UIInterfaceOrientationPortrait UIInterfaceOrientationPortraitUpsideDown";
				IPHONEOS_DEPLOYMENT_TARGET = 16.0;
				LD_RUNPATH_SEARCH_PATHS = (
					"$(inherited)",
					"@executable_path/Frameworks",
				);
				MARKETING_VERSION = 1.0;
				PRODUCT_BUNDLE_IDENTIFIER = com.alkafeelquran.nafidhalbasayra.nafidhalbasayra;
				PRODUCT_NAME = "$(TARGET_NAME)";
				SWIFT_EMIT_LOC_STRINGS = YES;
				SWIFT_VERSION = 5.0;
				TARGETED_DEVICE_FAMILY = "1,2";
			};
			name = Release;
		};
/* End XCBuildConfiguration section */

/* Begin XCConfigurationList section */
		413E4B862CA1C78200B1EEC5 /* Build configuration list for PBXProject "nafidhalbasayra" */ = {
			isa = XCConfigurationList;
			buildConfigurations = (
				413E4B9C2CA1C78400B1EEC5 /* Debug */,
				413E4B9D2CA1C78400B1EEC5 /* Release */,
			);
			defaultConfigurationIsVisible = 0;
			defaultConfigurationName = Release;
		};
		413E4B9E2CA1C78400B1EEC5 /* Build configuration list for PBXNativeTarget "nafidhalbasayra" */ = {
			isa = XCConfigurationList;
			buildConfigurations = (
				413E4B9F2CA1C78400B1EEC5 /* Debug */,
				413E4BA02CA1C78400B1EEC5 /* Release */,
			);
			defaultConfigurationIsVisible = 0;
			defaultConfigurationName = Release;
		};
/* End XCConfigurationList section */

/* Begin XCVersionGroup section */
		41B8A8242CC67CB1002F614C /* CoreData.xcdatamodeld */ = {
			isa = XCVersionGroup;
			children = (
				41B8A8252CC67CB1002F614C /* TeacherInfo.xcdatamodel */,
			);
			currentVersion = 41B8A8252CC67CB1002F614C /* TeacherInfo.xcdatamodel */;
			path = CoreData.xcdatamodeld;
			sourceTree = "<group>";
			versionGroupType = wrapper.xcdatamodel;
		};
/* End XCVersionGroup section */
	};
	rootObject = 413E4B832CA1C78200B1EEC5 /* Project object */;
}
