// !$*UTF8*$!
{
	archiveVersion = 1;
	classes = {
	};
	objectVersion = 56;
	objects = {

/* Begin PBXBuildFile section */
		41325AA72CA9B83D00664847 /* LoginPageWelcom.swift in Sources */ = {isa = PBXBuildFile; fileRef = 41325AA62CA9B83D00664847 /* LoginPageWelcom.swift */; };
		413E4B8F2CA1C78200B1EEC5 /* nafidhalbasayraApp.swift in Sources */ = {isa = PBXBuildFile; fileRef = 413E4B8E2CA1C78200B1EEC5 /* nafidhalbasayraApp.swift */; };
		413E4B912CA1C78200B1EEC5 /* ContentView.swift in Sources */ = {isa = PBXBuildFile; fileRef = 413E4B902CA1C78200B1EEC5 /* ContentView.swift */; };
		413E4B932CA1C78400B1EEC5 /* Assets.xcassets in Resources */ = {isa = PBXBuildFile; fileRef = 413E4B922CA1C78400B1EEC5 /* Assets.xcassets */; };
		413E4B962CA1C78400B1EEC5 /* Preview Assets.xcassets in Resources */ = {isa = PBXBuildFile; fileRef = 413E4B952CA1C78400B1EEC5 /* Preview Assets.xcassets */; };
		413E4B982CA1C78400B1EEC5 /* Persistence.swift in Sources */ = {isa = PBXBuildFile; fileRef = 413E4B972CA1C78400B1EEC5 /* Persistence.swift */; };
		413E4B9B2CA1C78400B1EEC5 /* nafidhalbasayra.xcdatamodeld in Sources */ = {isa = PBXBuildFile; fileRef = 413E4B992CA1C78400B1EEC5 /* nafidhalbasayra.xcdatamodeld */; };
		413E4BA32CA1C83100B1EEC5 /* LoginPage0.swift in Sources */ = {isa = PBXBuildFile; fileRef = 413E4BA22CA1C83100B1EEC5 /* LoginPage0.swift */; };
		416D8BE92CA4482500E2E6D8 /* const.swift in Sources */ = {isa = PBXBuildFile; fileRef = 416D8BE82CA4482500E2E6D8 /* const.swift */; };
		41BD62C82CA2E69400529765 /* LoginPage1.swift in Sources */ = {isa = PBXBuildFile; fileRef = 41BD62C72CA2E69400529765 /* LoginPage1.swift */; };
		41BD62D22CA3018800529765 /* BahijTheSansArabic-Bold.ttf in Resources */ = {isa = PBXBuildFile; fileRef = 41BD62CE2CA2FF4100529765 /* BahijTheSansArabic-Bold.ttf */; };
		41BD62D32CA3018A00529765 /* BahijTheSansArabic-ExtraBold.ttf in Resources */ = {isa = PBXBuildFile; fileRef = 41BD62CD2CA2FF4100529765 /* BahijTheSansArabic-ExtraBold.ttf */; };
		41BD62D42CA3018E00529765 /* BahijTheSansArabic-Plain.ttf in Resources */ = {isa = PBXBuildFile; fileRef = 41BD62CC2CA2FF4100529765 /* BahijTheSansArabic-Plain.ttf */; };
		41BD62D72CA3079400529765 /* Almarai-Bold.ttf in Resources */ = {isa = PBXBuildFile; fileRef = 41BD62D02CA3018000529765 /* Almarai-Bold.ttf */; };
		41BD62DC2CA3092800529765 /* Amiri-Regular.ttf in Resources */ = {isa = PBXBuildFile; fileRef = 41BD62D82CA3092800529765 /* Amiri-Regular.ttf */; };
		41BD62DD2CA3092800529765 /* Amiri-Bold.ttf in Resources */ = {isa = PBXBuildFile; fileRef = 41BD62D92CA3092800529765 /* Amiri-Bold.ttf */; };
		41BD62DE2CA3092800529765 /* Amiri-Italic.ttf in Resources */ = {isa = PBXBuildFile; fileRef = 41BD62DA2CA3092800529765 /* Amiri-Italic.ttf */; };
		41BD62DF2CA3092800529765 /* Amiri-BoldItalic.ttf in Resources */ = {isa = PBXBuildFile; fileRef = 41BD62DB2CA3092800529765 /* Amiri-BoldItalic.ttf */; };
		526790C22CA93EC8006A9A89 /* AdaptiveTextFieldView.swift in Sources */ = {isa = PBXBuildFile; fileRef = 526790C12CA93EC8006A9A89 /* AdaptiveTextFieldView.swift */; };
/* End PBXBuildFile section */

/* Begin PBXFileReference section */
		41325AA62CA9B83D00664847 /* LoginPageWelcom.swift */ = {isa = PBXFileReference; lastKnownFileType = sourcecode.swift; path = LoginPageWelcom.swift; sourceTree = "<group>"; };
		413E4B8B2CA1C78200B1EEC5 /* nafidhalbasayra.app */ = {isa = PBXFileReference; explicitFileType = wrapper.application; includeInIndex = 0; path = nafidhalbasayra.app; sourceTree = BUILT_PRODUCTS_DIR; };
		413E4B8E2CA1C78200B1EEC5 /* nafidhalbasayraApp.swift */ = {isa = PBXFileReference; lastKnownFileType = sourcecode.swift; path = nafidhalbasayraApp.swift; sourceTree = "<group>"; };
		413E4B902CA1C78200B1EEC5 /* ContentView.swift */ = {isa = PBXFileReference; lastKnownFileType = sourcecode.swift; path = ContentView.swift; sourceTree = "<group>"; };
		413E4B922CA1C78400B1EEC5 /* Assets.xcassets */ = {isa = PBXFileReference; lastKnownFileType = folder.assetcatalog; path = Assets.xcassets; sourceTree = "<group>"; };
		413E4B952CA1C78400B1EEC5 /* Preview Assets.xcassets */ = {isa = PBXFileReference; lastKnownFileType = folder.assetcatalog; path = "Preview Assets.xcassets"; sourceTree = "<group>"; };
		413E4B972CA1C78400B1EEC5 /* Persistence.swift */ = {isa = PBXFileReference; lastKnownFileType = sourcecode.swift; path = Persistence.swift; sourceTree = "<group>"; };
		413E4B9A2CA1C78400B1EEC5 /* nafidhalbasayra.xcdatamodel */ = {isa = PBXFileReference; lastKnownFileType = wrapper.xcdatamodel; path = nafidhalbasayra.xcdatamodel; sourceTree = "<group>"; };
		413E4BA22CA1C83100B1EEC5 /* LoginPage0.swift */ = {isa = PBXFileReference; lastKnownFileType = sourcecode.swift; path = LoginPage0.swift; sourceTree = "<group>"; };
		416D8BE82CA4482500E2E6D8 /* const.swift */ = {isa = PBXFileReference; lastKnownFileType = sourcecode.swift; path = const.swift; sourceTree = "<group>"; };
		41BD62C72CA2E69400529765 /* LoginPage1.swift */ = {isa = PBXFileReference; lastKnownFileType = sourcecode.swift; path = LoginPage1.swift; sourceTree = "<group>"; };
		41BD62CC2CA2FF4100529765 /* BahijTheSansArabic-Plain.ttf */ = {isa = PBXFileReference; lastKnownFileType = file; path = "BahijTheSansArabic-Plain.ttf"; sourceTree = "<group>"; };
		41BD62CD2CA2FF4100529765 /* BahijTheSansArabic-ExtraBold.ttf */ = {isa = PBXFileReference; lastKnownFileType = file; path = "BahijTheSansArabic-ExtraBold.ttf"; sourceTree = "<group>"; };
		41BD62CE2CA2FF4100529765 /* BahijTheSansArabic-Bold.ttf */ = {isa = PBXFileReference; lastKnownFileType = file; path = "BahijTheSansArabic-Bold.ttf"; sourceTree = "<group>"; };
		41BD62CF2CA3005000529765 /* Info.plist */ = {isa = PBXFileReference; lastKnownFileType = text.plist; path = Info.plist; sourceTree = "<group>"; };
		41BD62D02CA3018000529765 /* Almarai-Bold.ttf */ = {isa = PBXFileReference; lastKnownFileType = file; path = "Almarai-Bold.ttf"; sourceTree = "<group>"; };
		41BD62D82CA3092800529765 /* Amiri-Regular.ttf */ = {isa = PBXFileReference; lastKnownFileType = file; path = "Amiri-Regular.ttf"; sourceTree = "<group>"; };
		41BD62D92CA3092800529765 /* Amiri-Bold.ttf */ = {isa = PBXFileReference; lastKnownFileType = file; path = "Amiri-Bold.ttf"; sourceTree = "<group>"; };
		41BD62DA2CA3092800529765 /* Amiri-Italic.ttf */ = {isa = PBXFileReference; lastKnownFileType = file; path = "Amiri-Italic.ttf"; sourceTree = "<group>"; };
		41BD62DB2CA3092800529765 /* Amiri-BoldItalic.ttf */ = {isa = PBXFileReference; lastKnownFileType = file; path = "Amiri-BoldItalic.ttf"; sourceTree = "<group>"; };
		526790C12CA93EC8006A9A89 /* AdaptiveTextFieldView.swift */ = {isa = PBXFileReference; lastKnownFileType = sourcecode.swift; path = AdaptiveTextFieldView.swift; sourceTree = "<group>"; };
/* End PBXFileReference section */

/* Begin PBXFrameworksBuildPhase section */
		413E4B882CA1C78200B1EEC5 /* Frameworks */ = {
			isa = PBXFrameworksBuildPhase;
			buildActionMask = 2147483647;
			files = (
			);
			runOnlyForDeploymentPostprocessing = 0;
		};
/* End PBXFrameworksBuildPhase section */

/* Begin PBXGroup section */
		413E4B822CA1C78200B1EEC5 = {
			isa = PBXGroup;
			children = (
				413E4B8D2CA1C78200B1EEC5 /* nafidhalbasayra */,
				413E4B8C2CA1C78200B1EEC5 /* Products */,
			);
			sourceTree = "<group>";
		};
		413E4B8C2CA1C78200B1EEC5 /* Products */ = {
			isa = PBXGroup;
			children = (
				413E4B8B2CA1C78200B1EEC5 /* nafidhalbasayra.app */,
			);
			name = Products;
			sourceTree = "<group>";
		};
		413E4B8D2CA1C78200B1EEC5 /* nafidhalbasayra */ = {
			isa = PBXGroup;
			children = (
				41BD62CF2CA3005000529765 /* Info.plist */,
				41BD62CB2CA2FF2D00529765 /* Fonts */,
				413E4B8E2CA1C78200B1EEC5 /* nafidhalbasayraApp.swift */,
				413E4BA12CA1C81300B1EEC5 /* View */,
				413E4B902CA1C78200B1EEC5 /* ContentView.swift */,
				413E4B922CA1C78400B1EEC5 /* Assets.xcassets */,
				413E4B972CA1C78400B1EEC5 /* Persistence.swift */,
				413E4B992CA1C78400B1EEC5 /* nafidhalbasayra.xcdatamodeld */,
				413E4B942CA1C78400B1EEC5 /* Preview Content */,
				416D8BE82CA4482500E2E6D8 /* const.swift */,
			);
			path = nafidhalbasayra;
			sourceTree = "<group>";
		};
		413E4B942CA1C78400B1EEC5 /* Preview Content */ = {
			isa = PBXGroup;
			children = (
				413E4B952CA1C78400B1EEC5 /* Preview Assets.xcassets */,
			);
			path = "Preview Content";
			sourceTree = "<group>";
		};
		413E4BA12CA1C81300B1EEC5 /* View */ = {
			isa = PBXGroup;
			children = (
				41BD62C62CA2E4AF00529765 /* LoginFolder */,
				526790C12CA93EC8006A9A89 /* AdaptiveTextFieldView.swift */,
			);
			path = View;
			sourceTree = "<group>";
		};
		41BD62C62CA2E4AF00529765 /* LoginFolder */ = {
			isa = PBXGroup;
			children = (
				413E4BA22CA1C83100B1EEC5 /* LoginPage0.swift */,
				41BD62C72CA2E69400529765 /* LoginPage1.swift */,
				41325AA62CA9B83D00664847 /* LoginPageWelcom.swift */,
			);
			path = LoginFolder;
			sourceTree = "<group>";
		};
		41BD62CB2CA2FF2D00529765 /* Fonts */ = {
			isa = PBXGroup;
			children = (
				41BD62D92CA3092800529765 /* Amiri-Bold.ttf */,
				41BD62DB2CA3092800529765 /* Amiri-BoldItalic.ttf */,
				41BD62DA2CA3092800529765 /* Amiri-Italic.ttf */,
				41BD62D82CA3092800529765 /* Amiri-Regular.ttf */,
				41BD62D02CA3018000529765 /* Almarai-Bold.ttf */,
				41BD62CE2CA2FF4100529765 /* BahijTheSansArabic-Bold.ttf */,
				41BD62CD2CA2FF4100529765 /* BahijTheSansArabic-ExtraBold.ttf */,
				41BD62CC2CA2FF4100529765 /* BahijTheSansArabic-Plain.ttf */,
			);
			path = Fonts;
			sourceTree = "<group>";
		};
/* End PBXGroup section */

/* Begin PBXNativeTarget section */
		413E4B8A2CA1C78200B1EEC5 /* nafidhalbasayra */ = {
			isa = PBXNativeTarget;
			buildConfigurationList = 413E4B9E2CA1C78400B1EEC5 /* Build configuration list for PBXNativeTarget "nafidhalbasayra" */;
			buildPhases = (
				413E4B872CA1C78200B1EEC5 /* Sources */,
				413E4B882CA1C78200B1EEC5 /* Frameworks */,
				413E4B892CA1C78200B1EEC5 /* Resources */,
			);
			buildRules = (
			);
			dependencies = (
			);
			name = nafidhalbasayra;
			productName = nafidhalbasayra;
			productReference = 413E4B8B2CA1C78200B1EEC5 /* nafidhalbasayra.app */;
			productType = "com.apple.product-type.application";
		};
/* End PBXNativeTarget section */

/* Begin PBXProject section */
		413E4B832CA1C78200B1EEC5 /* Project object */ = {
			isa = PBXProject;
			attributes = {
				BuildIndependentTargetsInParallel = 1;
				LastSwiftUpdateCheck = 1540;
				LastUpgradeCheck = 1540;
				TargetAttributes = {
					413E4B8A2CA1C78200B1EEC5 = {
						CreatedOnToolsVersion = 15.4;
					};
				};
			};
			buildConfigurationList = 413E4B862CA1C78200B1EEC5 /* Build configuration list for PBXProject "nafidhalbasayra" */;
			compatibilityVersion = "Xcode 14.0";
			developmentRegion = en;
			hasScannedForEncodings = 0;
			knownRegions = (
				en,
				Base,
			);
			mainGroup = 413E4B822CA1C78200B1EEC5;
			productRefGroup = 413E4B8C2CA1C78200B1EEC5 /* Products */;
			projectDirPath = "";
			projectRoot = "";
			targets = (
				413E4B8A2CA1C78200B1EEC5 /* nafidhalbasayra */,
			);
		};
/* End PBXProject section */

/* Begin PBXResourcesBuildPhase section */
		413E4B892CA1C78200B1EEC5 /* Resources */ = {
			isa = PBXResourcesBuildPhase;
			buildActionMask = 2147483647;
			files = (
				413E4B962CA1C78400B1EEC5 /* Preview Assets.xcassets in Resources */,
				41BD62D72CA3079400529765 /* Almarai-Bold.ttf in Resources */,
				41BD62DD2CA3092800529765 /* Amiri-Bold.ttf in Resources */,
				41BD62D32CA3018A00529765 /* BahijTheSansArabic-ExtraBold.ttf in Resources */,
				41BD62D42CA3018E00529765 /* BahijTheSansArabic-Plain.ttf in Resources */,
				41BD62DE2CA3092800529765 /* Amiri-Italic.ttf in Resources */,
				413E4B932CA1C78400B1EEC5 /* Assets.xcassets in Resources */,
				41BD62D22CA3018800529765 /* BahijTheSansArabic-Bold.ttf in Resources */,
				41BD62DF2CA3092800529765 /* Amiri-BoldItalic.ttf in Resources */,
				41BD62DC2CA3092800529765 /* Amiri-Regular.ttf in Resources */,
			);
			runOnlyForDeploymentPostprocessing = 0;
		};
/* End PBXResourcesBuildPhase section */

/* Begin PBXSourcesBuildPhase section */
		413E4B872CA1C78200B1EEC5 /* Sources */ = {
			isa = PBXSourcesBuildPhase;
			buildActionMask = 2147483647;
			files = (
				526790C22CA93EC8006A9A89 /* AdaptiveTextFieldView.swift in Sources */,
				41BD62C82CA2E69400529765 /* LoginPage1.swift in Sources */,
				41325AA72CA9B83D00664847 /* LoginPageWelcom.swift in Sources */,
				413E4B982CA1C78400B1EEC5 /* Persistence.swift in Sources */,
				413E4B912CA1C78200B1EEC5 /* ContentView.swift in Sources */,
				413E4B9B2CA1C78400B1EEC5 /* nafidhalbasayra.xcdatamodeld in Sources */,
				416D8BE92CA4482500E2E6D8 /* const.swift in Sources */,
				413E4BA32CA1C83100B1EEC5 /* LoginPage0.swift in Sources */,
				413E4B8F2CA1C78200B1EEC5 /* nafidhalbasayraApp.swift in Sources */,
			);
			runOnlyForDeploymentPostprocessing = 0;
		};
/* End PBXSourcesBuildPhase section */

/* Begin XCBuildConfiguration section */
		413E4B9C2CA1C78400B1EEC5 /* Debug */ = {
			isa = XCBuildConfiguration;
			buildSettings = {
				ALWAYS_SEARCH_USER_PATHS = NO;
				ASSETCATALOG_COMPILER_GENERATE_SWIFT_ASSET_SYMBOL_EXTENSIONS = YES;
				CLANG_ANALYZER_NONNULL = YES;
				CLANG_ANALYZER_NUMBER_OBJECT_CONVERSION = YES_AGGRESSIVE;
				CLANG_CXX_LANGUAGE_STANDARD = "gnu++20";
				CLANG_ENABLE_MODULES = YES;
				CLANG_ENABLE_OBJC_ARC = YES;
				CLANG_ENABLE_OBJC_WEAK = YES;
				CLANG_WARN_BLOCK_CAPTURE_AUTORELEASING = YES;
				CLANG_WARN_BOOL_CONVERSION = YES;
				CLANG_WARN_COMMA = YES;
				CLANG_WARN_CONSTANT_CONVERSION = YES;
				CLANG_WARN_DEPRECATED_OBJC_IMPLEMENTATIONS = YES;
				CLANG_WARN_DIRECT_OBJC_ISA_USAGE = YES_ERROR;
				CLANG_WARN_DOCUMENTATION_COMMENTS = YES;
				CLANG_WARN_EMPTY_BODY = YES;
				CLANG_WARN_ENUM_CONVERSION = YES;
				CLANG_WARN_INFINITE_RECURSION = YES;
				CLANG_WARN_INT_CONVERSION = YES;
				CLANG_WARN_NON_LITERAL_NULL_CONVERSION = YES;
				CLANG_WARN_OBJC_IMPLICIT_RETAIN_SELF = YES;
				CLANG_WARN_OBJC_LITERAL_CONVERSION = YES;
				CLANG_WARN_OBJC_ROOT_CLASS = YES_ERROR;
				CLANG_WARN_QUOTED_INCLUDE_IN_FRAMEWORK_HEADER = YES;
				CLANG_WARN_RANGE_LOOP_ANALYSIS = YES;
				CLANG_WARN_STRICT_PROTOTYPES = YES;
				CLANG_WARN_SUSPICIOUS_MOVE = YES;
				CLANG_WARN_UNGUARDED_AVAILABILITY = YES_AGGRESSIVE;
				CLANG_WARN_UNREACHABLE_CODE = YES;
				CLANG_WARN__DUPLICATE_METHOD_MATCH = YES;
				COPY_PHASE_STRIP = NO;
				DEBUG_INFORMATION_FORMAT = dwarf;
				ENABLE_STRICT_OBJC_MSGSEND = YES;
				ENABLE_TESTABILITY = YES;
				ENABLE_USER_SCRIPT_SANDBOXING = YES;
				GCC_C_LANGUAGE_STANDARD = gnu17;
				GCC_DYNAMIC_NO_PIC = NO;
				GCC_NO_COMMON_BLOCKS = YES;
				GCC_OPTIMIZATION_LEVEL = 0;
				GCC_PREPROCESSOR_DEFINITIONS = (
					"DEBUG=1",
					"$(inherited)",
				);
				GCC_WARN_64_TO_32_BIT_CONVERSION = YES;
				GCC_WARN_ABOUT_RETURN_TYPE = YES_ERROR;
				GCC_WARN_UNDECLARED_SELECTOR = YES;
				GCC_WARN_UNINITIALIZED_AUTOS = YES_AGGRESSIVE;
				GCC_WARN_UNUSED_FUNCTION = YES;
				GCC_WARN_UNUSED_VARIABLE = YES;
				IPHONEOS_DEPLOYMENT_TARGET = 17.5;
				LOCALIZATION_PREFERS_STRING_CATALOGS = YES;
				MTL_ENABLE_DEBUG_INFO = INCLUDE_SOURCE;
				MTL_FAST_MATH = YES;
				ONLY_ACTIVE_ARCH = YES;
				SDKROOT = iphoneos;
				SWIFT_ACTIVE_COMPILATION_CONDITIONS = "DEBUG $(inherited)";
				SWIFT_OPTIMIZATION_LEVEL = "-Onone";
			};
			name = Debug;
		};
		413E4B9D2CA1C78400B1EEC5 /* Release */ = {
			isa = XCBuildConfiguration;
			buildSettings = {
				ALWAYS_SEARCH_USER_PATHS = NO;
				ASSETCATALOG_COMPILER_GENERATE_SWIFT_ASSET_SYMBOL_EXTENSIONS = YES;
				CLANG_ANALYZER_NONNULL = YES;
				CLANG_ANALYZER_NUMBER_OBJECT_CONVERSION = YES_AGGRESSIVE;
				CLANG_CXX_LANGUAGE_STANDARD = "gnu++20";
				CLANG_ENABLE_MODULES = YES;
				CLANG_ENABLE_OBJC_ARC = YES;
				CLANG_ENABLE_OBJC_WEAK = YES;
				CLANG_WARN_BLOCK_CAPTURE_AUTORELEASING = YES;
				CLANG_WARN_BOOL_CONVERSION = YES;
				CLANG_WARN_COMMA = YES;
				CLANG_WARN_CONSTANT_CONVERSION = YES;
				CLANG_WARN_DEPRECATED_OBJC_IMPLEMENTATIONS = YES;
				CLANG_WARN_DIRECT_OBJC_ISA_USAGE = YES_ERROR;
				CLANG_WARN_DOCUMENTATION_COMMENTS = YES;
				CLANG_WARN_EMPTY_BODY = YES;
				CLANG_WARN_ENUM_CONVERSION = YES;
				CLANG_WARN_INFINITE_RECURSION = YES;
				CLANG_WARN_INT_CONVERSION = YES;
				CLANG_WARN_NON_LITERAL_NULL_CONVERSION = YES;
				CLANG_WARN_OBJC_IMPLICIT_RETAIN_SELF = YES;
				CLANG_WARN_OBJC_LITERAL_CONVERSION = YES;
				CLANG_WARN_OBJC_ROOT_CLASS = YES_ERROR;
				CLANG_WARN_QUOTED_INCLUDE_IN_FRAMEWORK_HEADER = YES;
				CLANG_WARN_RANGE_LOOP_ANALYSIS = YES;
				CLANG_WARN_STRICT_PROTOTYPES = YES;
				CLANG_WARN_SUSPICIOUS_MOVE = YES;
				CLANG_WARN_UNGUARDED_AVAILABILITY = YES_AGGRESSIVE;
				CLANG_WARN_UNREACHABLE_CODE = YES;
				CLANG_WARN__DUPLICATE_METHOD_MATCH = YES;
				COPY_PHASE_STRIP = NO;
				DEBUG_INFORMATION_FORMAT = "dwarf-with-dsym";
				ENABLE_NS_ASSERTIONS = NO;
				ENABLE_STRICT_OBJC_MSGSEND = YES;
				ENABLE_USER_SCRIPT_SANDBOXING = YES;
				GCC_C_LANGUAGE_STANDARD = gnu17;
				GCC_NO_COMMON_BLOCKS = YES;
				GCC_WARN_64_TO_32_BIT_CONVERSION = YES;
				GCC_WARN_ABOUT_RETURN_TYPE = YES_ERROR;
				GCC_WARN_UNDECLARED_SELECTOR = YES;
				GCC_WARN_UNINITIALIZED_AUTOS = YES_AGGRESSIVE;
				GCC_WARN_UNUSED_FUNCTION = YES;
				GCC_WARN_UNUSED_VARIABLE = YES;
				IPHONEOS_DEPLOYMENT_TARGET = 17.5;
				LOCALIZATION_PREFERS_STRING_CATALOGS = YES;
				MTL_ENABLE_DEBUG_INFO = NO;
				MTL_FAST_MATH = YES;
				SDKROOT = iphoneos;
				SWIFT_COMPILATION_MODE = wholemodule;
				VALIDATE_PRODUCT = YES;
			};
			name = Release;
		};
		413E4B9F2CA1C78400B1EEC5 /* Debug */ = {
			isa = XCBuildConfiguration;
			buildSettings = {
				ASSETCATALOG_COMPILER_APPICON_NAME = AppIcon;
				ASSETCATALOG_COMPILER_GLOBAL_ACCENT_COLOR_NAME = AccentColor;
				CODE_SIGN_STYLE = Automatic;
				CURRENT_PROJECT_VERSION = 1;
				DEVELOPMENT_ASSET_PATHS = "\"nafidhalbasayra/Preview Content\"";
				DEVELOPMENT_TEAM = 4MGZ7TP56A;
				ENABLE_PREVIEWS = YES;
				GENERATE_INFOPLIST_FILE = YES;
				INFOPLIST_FILE = nafidhalbasayra/Info.plist;
				INFOPLIST_KEY_UIApplicationSceneManifest_Generation = YES;
				INFOPLIST_KEY_UIApplicationSupportsIndirectInputEvents = YES;
				INFOPLIST_KEY_UILaunchScreen_Generation = YES;
				INFOPLIST_KEY_UISupportedInterfaceOrientations = "UIInterfaceOrientationLandscapeLeft UIInterfaceOrientationLandscapeRight UIInterfaceOrientationPortrait UIInterfaceOrientationPortraitUpsideDown";
				IPHONEOS_DEPLOYMENT_TARGET = 16.0;
				LD_RUNPATH_SEARCH_PATHS = (
					"$(inherited)",
					"@executable_path/Frameworks",
				);
				MARKETING_VERSION = 1.0;
				PRODUCT_BUNDLE_IDENTIFIER = com.alkafeelquran.nafidhalbasayra.nafidhalbasayra;
				PRODUCT_NAME = "$(TARGET_NAME)";
				SWIFT_EMIT_LOC_STRINGS = YES;
				SWIFT_VERSION = 5.0;
				TARGETED_DEVICE_FAMILY = "1,2";
			};
			name = Debug;
		};
		413E4BA02CA1C78400B1EEC5 /* Release */ = {
			isa = XCBuildConfiguration;
			buildSettings = {
				ASSETCATALOG_COMPILER_APPICON_NAME = AppIcon;
				ASSETCATALOG_COMPILER_GLOBAL_ACCENT_COLOR_NAME = AccentColor;
				CODE_SIGN_STYLE = Automatic;
				CURRENT_PROJECT_VERSION = 1;
				DEVELOPMENT_ASSET_PATHS = "\"nafidhalbasayra/Preview Content\"";
				DEVELOPMENT_TEAM = 4MGZ7TP56A;
				ENABLE_PREVIEWS = YES;
				GENERATE_INFOPLIST_FILE = YES;
				INFOPLIST_FILE = nafidhalbasayra/Info.plist;
				INFOPLIST_KEY_UIApplicationSceneManifest_Generation = YES;
				INFOPLIST_KEY_UIApplicationSupportsIndirectInputEvents = YES;
				INFOPLIST_KEY_UILaunchScreen_Generation = YES;
				INFOPLIST_KEY_UISupportedInterfaceOrientations = "UIInterfaceOrientationLandscapeLeft UIInterfaceOrientationLandscapeRight UIInterfaceOrientationPortrait UIInterfaceOrientationPortraitUpsideDown";
				IPHONEOS_DEPLOYMENT_TARGET = 16.0;
				LD_RUNPATH_SEARCH_PATHS = (
					"$(inherited)",
					"@executable_path/Frameworks",
				);
				MARKETING_VERSION = 1.0;
				PRODUCT_BUNDLE_IDENTIFIER = com.alkafeelquran.nafidhalbasayra.nafidhalbasayra;
				PRODUCT_NAME = "$(TARGET_NAME)";
				SWIFT_EMIT_LOC_STRINGS = YES;
				SWIFT_VERSION = 5.0;
				TARGETED_DEVICE_FAMILY = "1,2";
			};
			name = Release;
		};
/* End XCBuildConfiguration section */

/* Begin XCConfigurationList section */
		413E4B862CA1C78200B1EEC5 /* Build configuration list for PBXProject "nafidhalbasayra" */ = {
			isa = XCConfigurationList;
			buildConfigurations = (
				413E4B9C2CA1C78400B1EEC5 /* Debug */,
				413E4B9D2CA1C78400B1EEC5 /* Release */,
			);
			defaultConfigurationIsVisible = 0;
			defaultConfigurationName = Release;
		};
		413E4B9E2CA1C78400B1EEC5 /* Build configuration list for PBXNativeTarget "nafidhalbasayra" */ = {
			isa = XCConfigurationList;
			buildConfigurations = (
				413E4B9F2CA1C78400B1EEC5 /* Debug */,
				413E4BA02CA1C78400B1EEC5 /* Release */,
			);
			defaultConfigurationIsVisible = 0;
			defaultConfigurationName = Release;
		};
/* End XCConfigurationList section */

/* Begin XCVersionGroup section */
		413E4B992CA1C78400B1EEC5 /* nafidhalbasayra.xcdatamodeld */ = {
			isa = XCVersionGroup;
			children = (
				413E4B9A2CA1C78400B1EEC5 /* nafidhalbasayra.xcdatamodel */,
			);
			currentVersion = 413E4B9A2CA1C78400B1EEC5 /* nafidhalbasayra.xcdatamodel */;
			path = nafidhalbasayra.xcdatamodeld;
			sourceTree = "<group>";
			versionGroupType = wrapper.xcdatamodel;
		};
/* End XCVersionGroup section */
	};
	rootObject = 413E4B832CA1C78200B1EEC5 /* Project object */;
}
